
Microsoft Visual Studio Solution File, Format Version 12.00
# Visual Studio 15
VisualStudioVersion = 15.0.26124.0
MinimumVisualStudioVersion = 15.0.26124.0
Project("{FAE04EC0-301F-11D3-BF4B-00C04F79EFBC}") = "Arq.Domain", "Arq.Domain\Arq.Domain.csproj", "{3BCBA894-0058-4483-9749-7B409B09B514}"
EndProject
Project("{FAE04EC0-301F-11D3-BF4B-00C04F79EFBC}") = "Arq.Data", "Arq.Data\Arq.Data.csproj", "{AA3D7635-34E0-4C24-99E8-BBE522663709}"
EndProject
Project("{FAE04EC0-301F-11D3-BF4B-00C04F79EFBC}") = "Arq.WebApi", "Arq.WebApi\Arq.WebApi.csproj", "{9C2330C0-A3FF-45D1-B948-13464DEF6EBB}"
EndProject
Global
	GlobalSection(SolutionConfigurationPlatforms) = preSolution
		Debug|Any CPU = Debug|Any CPU
		Debug|x64 = Debug|x64
		Debug|x86 = Debug|x86
		Release|Any CPU = Release|Any CPU
		Release|x64 = Release|x64
		Release|x86 = Release|x86
	EndGlobalSection
	GlobalSection(SolutionProperties) = preSolution
		HideSolutionNode = FALSE
	EndGlobalSection
	GlobalSection(ProjectConfigurationPlatforms) = postSolution
		{3BCBA894-0058-4483-9749-7B409B09B514}.Debug|Any CPU.ActiveCfg = Debug|Any CPU
		{3BCBA894-0058-4483-9749-7B409B09B514}.Debug|Any CPU.Build.0 = Debug|Any CPU
		{3BCBA894-0058-4483-9749-7B409B09B514}.Debug|x64.ActiveCfg = Debug|Any CPU
		{3BCBA894-0058-4483-9749-7B409B09B514}.Debug|x64.Build.0 = Debug|Any CPU
		{3BCBA894-0058-4483-9749-7B409B09B514}.Debug|x86.ActiveCfg = Debug|Any CPU
		{3BCBA894-0058-4483-9749-7B409B09B514}.Debug|x86.Build.0 = Debug|Any CPU
		{3BCBA894-0058-4483-9749-7B409B09B514}.Release|Any CPU.ActiveCfg = Release|Any CPU
		{3BCBA894-0058-4483-9749-7B409B09B514}.Release|Any CPU.Build.0 = Release|Any CPU
		{3BCBA894-0058-4483-9749-7B409B09B514}.Release|x64.ActiveCfg = Release|Any CPU
		{3BCBA894-0058-4483-9749-7B409B09B514}.Release|x64.Build.0 = Release|Any CPU
		{3BCBA894-0058-4483-9749-7B409B09B514}.Release|x86.ActiveCfg = Release|Any CPU
		{3BCBA894-0058-4483-9749-7B409B09B514}.Release|x86.Build.0 = Release|Any CPU
		{AA3D7635-34E0-4C24-99E8-BBE522663709}.Debug|Any CPU.ActiveCfg = Debug|Any CPU
		{AA3D7635-34E0-4C24-99E8-BBE522663709}.Debug|Any CPU.Build.0 = Debug|Any CPU
		{AA3D7635-34E0-4C24-99E8-BBE522663709}.Debug|x64.ActiveCfg = Debug|Any CPU
		{AA3D7635-34E0-4C24-99E8-BBE522663709}.Debug|x64.Build.0 = Debug|Any CPU
		{AA3D7635-34E0-4C24-99E8-BBE522663709}.Debug|x86.ActiveCfg = Debug|Any CPU
		{AA3D7635-34E0-4C24-99E8-BBE522663709}.Debug|x86.Build.0 = Debug|Any CPU
		{AA3D7635-34E0-4C24-99E8-BBE522663709}.Release|Any CPU.ActiveCfg = Release|Any CPU
		{AA3D7635-34E0-4C24-99E8-BBE522663709}.Release|Any CPU.Build.0 = Release|Any CPU
		{AA3D7635-34E0-4C24-99E8-BBE522663709}.Release|x64.ActiveCfg = Release|Any CPU
		{AA3D7635-34E0-4C24-99E8-BBE522663709}.Release|x64.Build.0 = Release|Any CPU
		{AA3D7635-34E0-4C24-99E8-BBE522663709}.Release|x86.ActiveCfg = Release|Any CPU
		{AA3D7635-34E0-4C24-99E8-BBE522663709}.Release|x86.Build.0 = Release|Any CPU
		{9C2330C0-A3FF-45D1-B948-13464DEF6EBB}.Debug|Any CPU.ActiveCfg = Debug|Any CPU
		{9C2330C0-A3FF-45D1-B948-13464DEF6EBB}.Debug|Any CPU.Build.0 = Debug|Any CPU
		{9C2330C0-A3FF-45D1-B948-13464DEF6EBB}.Debug|x64.ActiveCfg = Debug|Any CPU
		{9C2330C0-A3FF-45D1-B948-13464DEF6EBB}.Debug|x64.Build.0 = Debug|Any CPU
		{9C2330C0-A3FF-45D1-B948-13464DEF6EBB}.Debug|x86.ActiveCfg = Debug|Any CPU
		{9C2330C0-A3FF-45D1-B948-13464DEF6EBB}.Debug|x86.Build.0 = Debug|Any CPU
		{9C2330C0-A3FF-45D1-B948-13464DEF6EBB}.Release|Any CPU.ActiveCfg = Release|Any CPU
		{9C2330C0-A3FF-45D1-B948-13464DEF6EBB}.Release|Any CPU.Build.0 = Release|Any CPU
		{9C2330C0-A3FF-45D1-B948-13464DEF6EBB}.Release|x64.ActiveCfg = Release|Any CPU
		{9C2330C0-A3FF-45D1-B948-13464DEF6EBB}.Release|x64.Build.0 = Release|Any CPU
		{9C2330C0-A3FF-45D1-B948-13464DEF6EBB}.Release|x86.ActiveCfg = Release|Any CPU
		{9C2330C0-A3FF-45D1-B948-13464DEF6EBB}.Release|x86.Build.0 = Release|Any CPU
	EndGlobalSection
EndGlobal
